
Microsoft Visual Studio Solution File, Format Version 12.00
# Visual Studio Version 17
VisualStudioVersion = 17.7.34202.233
MinimumVisualStudioVersion = 10.0.40219.1
Project("{FAE04EC0-301F-11D3-BF4B-00C04F79EFBC}") = "Aprendento_CSharp", "Aprendento_CSharp.csproj", "{D68337E8-B77C-409B-B7DC-7D23FCF59F69}"
EndProject
Global
	GlobalSection(SolutionConfigurationPlatforms) = preSolution
		Debug|Any CPU = Debug|Any CPU
		Release|Any CPU = Release|Any CPU
	EndGlobalSection
	GlobalSection(ProjectConfigurationPlatforms) = postSolution
		{D68337E8-B77C-409B-B7DC-7D23FCF59F69}.Debug|Any CPU.ActiveCfg = Debug|Any CPU
		{D68337E8-B77C-409B-B7DC-7D23FCF59F69}.Debug|Any CPU.Build.0 = Debug|Any CPU
		{D68337E8-B77C-409B-B7DC-7D23FCF59F69}.Release|Any CPU.ActiveCfg = Release|Any CPU
		{D68337E8-B77C-409B-B7DC-7D23FCF59F69}.Release|Any CPU.Build.0 = Release|Any CPU
	EndGlobalSection
	GlobalSection(SolutionProperties) = preSolution
		HideSolutionNode = FALSE
	EndGlobalSection
	GlobalSection(ExtensibilityGlobals) = postSolution
		SolutionGuid = {3192F270-1B22-4E16-8CC5-34A767EE47C1}
	EndGlobalSection
EndGlobal
